// !$*UTF8*$!
{
	archiveVersion = 1;
	classes = {
	};
	objectVersion = 48;
	objects = {

/* Begin PBXBuildFile section */
		044ADE9A2138EB9E00A24D98 /* NewPagedFlowView.m in Sources */ = {isa = PBXBuildFile; fileRef = 044ADE502138EB9E00A24D98 /* NewPagedFlowView.m */; };
		044ADE9C2138EB9E00A24D98 /* UIView+Sizes.m in Sources */ = {isa = PBXBuildFile; fileRef = 044ADE562138EB9E00A24D98 /* UIView+Sizes.m */; };
		044ADE9D2138EB9E00A24D98 /* PlaceholderTextView.m in Sources */ = {isa = PBXBuildFile; fileRef = 044ADE572138EB9E00A24D98 /* PlaceholderTextView.m */; };
		044ADE9E2138EB9E00A24D98 /* NSDictionary+Addons.m in Sources */ = {isa = PBXBuildFile; fileRef = 044ADE5C2138EB9E00A24D98 /* NSDictionary+Addons.m */; };
		044ADE9F2138EB9E00A24D98 /* UIImage+Addons.m in Sources */ = {isa = PBXBuildFile; fileRef = 044ADE5D2138EB9E00A24D98 /* UIImage+Addons.m */; };
		044ADEA02138EB9E00A24D98 /* PGIndexBannerSubiew.m in Sources */ = {isa = PBXBuildFile; fileRef = 044ADE5F2138EB9E00A24D98 /* PGIndexBannerSubiew.m */; };
		044ADEA12138EB9E00A24D98 /* UIImage+GIF.m in Sources */ = {isa = PBXBuildFile; fileRef = 044ADE642138EB9E00A24D98 /* UIImage+GIF.m */; };
		044ADEA22138EB9E00A24D98 /* SVRadialGradientLayer.m in Sources */ = {isa = PBXBuildFile; fileRef = 044ADE682138EB9E00A24D98 /* SVRadialGradientLayer.m */; };
		044ADEA32138EB9E00A24D98 /* SVProgressHUD.m in Sources */ = {isa = PBXBuildFile; fileRef = 044ADE6D2138EB9E00A24D98 /* SVProgressHUD.m */; };
		044ADEA42138EB9E00A24D98 /* SVIndefiniteAnimatedView.m in Sources */ = {isa = PBXBuildFile; fileRef = 044ADE6E2138EB9E00A24D98 /* SVIndefiniteAnimatedView.m */; };
		044ADEA52138EB9E00A24D98 /* SVProgressHUD.bundle in Resources */ = {isa = PBXBuildFile; fileRef = 044ADE6F2138EB9E00A24D98 /* SVProgressHUD.bundle */; };
		044ADEA62138EB9E00A24D98 /* SELUpdateAlert.m in Sources */ = {isa = PBXBuildFile; fileRef = 044ADE722138EB9E00A24D98 /* SELUpdateAlert.m */; };
		044ADEA72138EB9E00A24D98 /* SELUpdateAlertConst.m in Sources */ = {isa = PBXBuildFile; fileRef = 044ADE732138EB9E00A24D98 /* SELUpdateAlertConst.m */; };
		044ADEA82138EB9E00A24D98 /* UINavigationController+ZFFullscreenPopGesture.m in Sources */ = {isa = PBXBuildFile; fileRef = 044ADE752138EB9E00A24D98 /* UINavigationController+ZFFullscreenPopGesture.m */; };
		044ADEA92138EB9E00A24D98 /* UIButton+Addons.m in Sources */ = {isa = PBXBuildFile; fileRef = 044ADE762138EB9E00A24D98 /* UIButton+Addons.m */; };
		044ADEAA2138EB9E00A24D98 /* UIView+WMFrame.m in Sources */ = {isa = PBXBuildFile; fileRef = 044ADE782138EB9E00A24D98 /* UIView+WMFrame.m */; };
		044ADEAB2138EB9E00A24D98 /* resource.xcassets in Resources */ = {isa = PBXBuildFile; fileRef = 044ADE792138EB9E00A24D98 /* resource.xcassets */; };
		044ADEAC2138EB9E00A24D98 /* WMPhotoBrowser.m in Sources */ = {isa = PBXBuildFile; fileRef = 044ADE7A2138EB9E00A24D98 /* WMPhotoBrowser.m */; };
		044ADEAD2138EB9E00A24D98 /* WMPhotoBrowserCell.m in Sources */ = {isa = PBXBuildFile; fileRef = 044ADE7B2138EB9E00A24D98 /* WMPhotoBrowserCell.m */; };
		044ADEAE2138EB9F00A24D98 /* NSDate+Extension.m in Sources */ = {isa = PBXBuildFile; fileRef = 044ADE812138EB9E00A24D98 /* NSDate+Extension.m */; };
		044ADEAF2138EB9F00A24D98 /* UIImageView+LBBlurredImage.m in Sources */ = {isa = PBXBuildFile; fileRef = 044ADE822138EB9E00A24D98 /* UIImageView+LBBlurredImage.m */; };
		044ADEB02138EB9F00A24D98 /* NSString+checkNull.m in Sources */ = {isa = PBXBuildFile; fileRef = 044ADE832138EB9E00A24D98 /* NSString+checkNull.m */; };
		044ADEB12138EB9F00A24D98 /* UIColor+Extension.m in Sources */ = {isa = PBXBuildFile; fileRef = 044ADE842138EB9E00A24D98 /* UIColor+Extension.m */; };
		044ADEB22138EB9F00A24D98 /* MBProgressHUD.m in Sources */ = {isa = PBXBuildFile; fileRef = 044ADE872138EB9E00A24D98 /* MBProgressHUD.m */; };
		044ADEB32138EB9F00A24D98 /* MBProgressHUD+Show.m in Sources */ = {isa = PBXBuildFile; fileRef = 044ADE8A2138EB9E00A24D98 /* MBProgressHUD+Show.m */; };
		044ADEB42138EB9F00A24D98 /* MBProgressHUD.bundle in Resources */ = {isa = PBXBuildFile; fileRef = 044ADE8B2138EB9E00A24D98 /* MBProgressHUD.bundle */; };
		044ADEB52138EB9F00A24D98 /* ZHPickView.m in Sources */ = {isa = PBXBuildFile; fileRef = 044ADE8D2138EB9E00A24D98 /* ZHPickView.m */; };
		044ADEB62138EB9F00A24D98 /* UIView+GKExtension.m in Sources */ = {isa = PBXBuildFile; fileRef = 044ADE912138EB9E00A24D98 /* UIView+GKExtension.m */; };
		044ADEB72138EB9F00A24D98 /* GKCover.m in Sources */ = {isa = PBXBuildFile; fileRef = 044ADE942138EB9E00A24D98 /* GKCover.m */; };
		044ADEB82138EB9F00A24D98 /* UIImage+ImageEffects.m in Sources */ = {isa = PBXBuildFile; fileRef = 044ADE952138EB9E00A24D98 /* UIImage+ImageEffects.m */; };
		044ADEBA2138EB9F00A24D98 /* UIColor+Addons.m in Sources */ = {isa = PBXBuildFile; fileRef = 044ADE992138EB9E00A24D98 /* UIColor+Addons.m */; };
		044ADEC02138EBD900A24D98 /* NBATools.m in Sources */ = {isa = PBXBuildFile; fileRef = 044ADEBC2138EBD900A24D98 /* NBATools.m */; };
		0472EDAA2139003F00C0157D /* BmobSDK.framework in Frameworks */ = {isa = PBXBuildFile; fileRef = 0472EDA92139003F00C0157D /* BmobSDK.framework */; };
		0472EDAD213900A100C0157D /* Security.framework in Frameworks */ = {isa = PBXBuildFile; fileRef = 0472EDAC2139009500C0157D /* Security.framework */; };
		0472EDAE213900A900C0157D /* CoreLocation.framework in Frameworks */ = {isa = PBXBuildFile; fileRef = 0472EDAB2139008D00C0157D /* CoreLocation.framework */; };
		0472EDB0213900B800C0157D /* CoreGraphics.framework in Frameworks */ = {isa = PBXBuildFile; fileRef = 0472EDAF213900B100C0157D /* CoreGraphics.framework */; };
		0472EDB2213900C400C0157D /* MobileCoreServices.framework in Frameworks */ = {isa = PBXBuildFile; fileRef = 0472EDB1213900BF00C0157D /* MobileCoreServices.framework */; };
		0472EDB4213900D000C0157D /* CFNetwork.framework in Frameworks */ = {isa = PBXBuildFile; fileRef = 0472EDB3213900CB00C0157D /* CFNetwork.framework */; };
		0472EDB6213900DD00C0157D /* CoreTelephony.framework in Frameworks */ = {isa = PBXBuildFile; fileRef = 0472EDB5213900D900C0157D /* CoreTelephony.framework */; };
		0472EDB82139019E00C0157D /* SystemConfiguration.framework in Frameworks */ = {isa = PBXBuildFile; fileRef = 0472EDB72139019800C0157D /* SystemConfiguration.framework */; };
		0472EDBA213901A800C0157D /* libz.1.2.5.tbd in Frameworks */ = {isa = PBXBuildFile; fileRef = 0472EDB9213901A800C0157D /* libz.1.2.5.tbd */; };
		0472EDBC213901B100C0157D /* libicucore.tbd in Frameworks */ = {isa = PBXBuildFile; fileRef = 0472EDBB213901B100C0157D /* libicucore.tbd */; };
		0472EDBE213901BB00C0157D /* libsqlite3.tbd in Frameworks */ = {isa = PBXBuildFile; fileRef = 0472EDBD213901BB00C0157D /* libsqlite3.tbd */; };
		0472EDC0213901C700C0157D /* libc++.tbd in Frameworks */ = {isa = PBXBuildFile; fileRef = 0472EDBF213901C700C0157D /* libc++.tbd */; };
		0472EDC2213901D600C0157D /* Photos.framework in Frameworks */ = {isa = PBXBuildFile; fileRef = 0472EDC1213901D100C0157D /* Photos.framework */; };
		A8C2C8B1212EFCA100941B98 /* AppDelegate.m in Sources */ = {isa = PBXBuildFile; fileRef = A8C2C8B0212EFCA100941B98 /* AppDelegate.m */; };
		A8C2C8B4212EFCA100941B98 /* ViewController.m in Sources */ = {isa = PBXBuildFile; fileRef = A8C2C8B3212EFCA100941B98 /* ViewController.m */; };
		A8C2C8B7212EFCA100941B98 /* Main.storyboard in Resources */ = {isa = PBXBuildFile; fileRef = A8C2C8B5212EFCA100941B98 /* Main.storyboard */; };
		A8C2C8BA212EFCA100941B98 /* newPro.xcdatamodeld in Sources */ = {isa = PBXBuildFile; fileRef = A8C2C8B8212EFCA100941B98 /* newPro.xcdatamodeld */; };
		A8C2C8BC212EFCA100941B98 /* Assets.xcassets in Resources */ = {isa = PBXBuildFile; fileRef = A8C2C8BB212EFCA100941B98 /* Assets.xcassets */; };
		A8C2C8BF212EFCA100941B98 /* LaunchScreen.storyboard in Resources */ = {isa = PBXBuildFile; fileRef = A8C2C8BD212EFCA100941B98 /* LaunchScreen.storyboard */; };
		A8C2C8C2212EFCA100941B98 /* main.m in Sources */ = {isa = PBXBuildFile; fileRef = A8C2C8C1212EFCA100941B98 /* main.m */; };
		A8C2C8CC212EFCA100941B98 /* newProTests.m in Sources */ = {isa = PBXBuildFile; fileRef = A8C2C8CB212EFCA100941B98 /* newProTests.m */; };
		A8C2C8D7212EFCA200941B98 /* newProUITests.m in Sources */ = {isa = PBXBuildFile; fileRef = A8C2C8D6212EFCA200941B98 /* newProUITests.m */; };
		BD2E8FD7314BF18E180896FE /* Pods_newPro.framework in Frameworks */ = {isa = PBXBuildFile; fileRef = A421241E5EE2F373A90AED07 /* Pods_newPro.framework */; };
/* End PBXBuildFile section */

/* Begin PBXContainerItemProxy section */
		A8C2C8C8212EFCA100941B98 /* PBXContainerItemProxy */ = {
			isa = PBXContainerItemProxy;
			containerPortal = A8C2C8A4212EFCA100941B98 /* Project object */;
			proxyType = 1;
			remoteGlobalIDString = A8C2C8AB212EFCA100941B98;
			remoteInfo = newPro;
		};
		A8C2C8D3212EFCA200941B98 /* PBXContainerItemProxy */ = {
			isa = PBXContainerItemProxy;
			containerPortal = A8C2C8A4212EFCA100941B98 /* Project object */;
			proxyType = 1;
			remoteGlobalIDString = A8C2C8AB212EFCA100941B98;
			remoteInfo = newPro;
		};
/* End PBXContainerItemProxy section */

/* Begin PBXFileReference section */
		044ADE502138EB9E00A24D98 /* NewPagedFlowView.m */ = {isa = PBXFileReference; fileEncoding = 4; lastKnownFileType = sourcecode.c.objc; path = NewPagedFlowView.m; sourceTree = "<group>"; };
		044ADE512138EB9E00A24D98 /* NewPagedFlowView.h */ = {isa = PBXFileReference; fileEncoding = 4; lastKnownFileType = sourcecode.c.h; path = NewPagedFlowView.h; sourceTree = "<group>"; };
		044ADE552138EB9E00A24D98 /* UIButton+Addons.h */ = {isa = PBXFileReference; fileEncoding = 4; lastKnownFileType = sourcecode.c.h; path = "UIButton+Addons.h"; sourceTree = "<group>"; };
		044ADE562138EB9E00A24D98 /* UIView+Sizes.m */ = {isa = PBXFileReference; fileEncoding = 4; lastKnownFileType = sourcecode.c.objc; path = "UIView+Sizes.m"; sourceTree = "<group>"; };
		044ADE572138EB9E00A24D98 /* PlaceholderTextView.m */ = {isa = PBXFileReference; fileEncoding = 4; lastKnownFileType = sourcecode.c.objc; path = PlaceholderTextView.m; sourceTree = "<group>"; };
		044ADE582138EB9E00A24D98 /* UIColor+Extension.h */ = {isa = PBXFileReference; fileEncoding = 4; lastKnownFileType = sourcecode.c.h; path = "UIColor+Extension.h"; sourceTree = "<group>"; };
		044ADE592138EB9E00A24D98 /* UIImageView+LBBlurredImage.h */ = {isa = PBXFileReference; fileEncoding = 4; lastKnownFileType = sourcecode.c.h; path = "UIImageView+LBBlurredImage.h"; sourceTree = "<group>"; };
		044ADE5A2138EB9E00A24D98 /* NSString+checkNull.h */ = {isa = PBXFileReference; fileEncoding = 4; lastKnownFileType = sourcecode.c.h; path = "NSString+checkNull.h"; sourceTree = "<group>"; };
		044ADE5B2138EB9E00A24D98 /* NSDate+Extension.h */ = {isa = PBXFileReference; fileEncoding = 4; lastKnownFileType = sourcecode.c.h; path = "NSDate+Extension.h"; sourceTree = "<group>"; };
		044ADE5C2138EB9E00A24D98 /* NSDictionary+Addons.m */ = {isa = PBXFileReference; fileEncoding = 4; lastKnownFileType = sourcecode.c.objc; path = "NSDictionary+Addons.m"; sourceTree = "<group>"; };
		044ADE5D2138EB9E00A24D98 /* UIImage+Addons.m */ = {isa = PBXFileReference; fileEncoding = 4; lastKnownFileType = sourcecode.c.objc; path = "UIImage+Addons.m"; sourceTree = "<group>"; };
		044ADE5F2138EB9E00A24D98 /* PGIndexBannerSubiew.m */ = {isa = PBXFileReference; fileEncoding = 4; lastKnownFileType = sourcecode.c.objc; path = PGIndexBannerSubiew.m; sourceTree = "<group>"; };
		044ADE602138EB9E00A24D98 /* PGIndexBannerSubiew.h */ = {isa = PBXFileReference; fileEncoding = 4; lastKnownFileType = sourcecode.c.h; path = PGIndexBannerSubiew.h; sourceTree = "<group>"; };
		044ADE612138EB9E00A24D98 /* UIImage+ImageEffects.h */ = {isa = PBXFileReference; fileEncoding = 4; lastKnownFileType = sourcecode.c.h; path = "UIImage+ImageEffects.h"; sourceTree = "<group>"; };
		044ADE622138EB9E00A24D98 /* ZHPickView.h */ = {isa = PBXFileReference; fileEncoding = 4; lastKnownFileType = sourcecode.c.h; path = ZHPickView.h; sourceTree = "<group>"; };
		044ADE642138EB9E00A24D98 /* UIImage+GIF.m */ = {isa = PBXFileReference; fileEncoding = 4; lastKnownFileType = sourcecode.c.objc; path = "UIImage+GIF.m"; sourceTree = "<group>"; };
		044ADE652138EB9E00A24D98 /* UIImage+GIF.h */ = {isa = PBXFileReference; fileEncoding = 4; lastKnownFileType = sourcecode.c.h; path = "UIImage+GIF.h"; sourceTree = "<group>"; };
		044ADE662138EB9E00A24D98 /* UIColor+Addons.h */ = {isa = PBXFileReference; fileEncoding = 4; lastKnownFileType = sourcecode.c.h; path = "UIColor+Addons.h"; sourceTree = "<group>"; };
		044ADE682138EB9E00A24D98 /* SVRadialGradientLayer.m */ = {isa = PBXFileReference; fileEncoding = 4; lastKnownFileType = sourcecode.c.objc; path = SVRadialGradientLayer.m; sourceTree = "<group>"; };
		044ADE692138EB9E00A24D98 /* SVIndefiniteAnimatedView.h */ = {isa = PBXFileReference; fileEncoding = 4; lastKnownFileType = sourcecode.c.h; path = SVIndefiniteAnimatedView.h; sourceTree = "<group>"; };
		044ADE6A2138EB9E00A24D98 /* SVProgressHUD.h */ = {isa = PBXFileReference; fileEncoding = 4; lastKnownFileType = sourcecode.c.h; path = SVProgressHUD.h; sourceTree = "<group>"; };
		044ADE6B2138EB9E00A24D98 /* SVProgressHUD-Prefix.pch */ = {isa = PBXFileReference; fileEncoding = 4; lastKnownFileType = sourcecode.c.h; path = "SVProgressHUD-Prefix.pch"; sourceTree = "<group>"; };
		044ADE6C2138EB9E00A24D98 /* SVRadialGradientLayer.h */ = {isa = PBXFileReference; fileEncoding = 4; lastKnownFileType = sourcecode.c.h; path = SVRadialGradientLayer.h; sourceTree = "<group>"; };
		044ADE6D2138EB9E00A24D98 /* SVProgressHUD.m */ = {isa = PBXFileReference; fileEncoding = 4; lastKnownFileType = sourcecode.c.objc; path = SVProgressHUD.m; sourceTree = "<group>"; };
		044ADE6E2138EB9E00A24D98 /* SVIndefiniteAnimatedView.m */ = {isa = PBXFileReference; fileEncoding = 4; lastKnownFileType = sourcecode.c.objc; path = SVIndefiniteAnimatedView.m; sourceTree = "<group>"; };
		044ADE6F2138EB9E00A24D98 /* SVProgressHUD.bundle */ = {isa = PBXFileReference; lastKnownFileType = "wrapper.plug-in"; path = SVProgressHUD.bundle; sourceTree = "<group>"; };
		044ADE712138EB9E00A24D98 /* SELUpdateAlertConst.h */ = {isa = PBXFileReference; fileEncoding = 4; lastKnownFileType = sourcecode.c.h; path = SELUpdateAlertConst.h; sourceTree = "<group>"; };
		044ADE722138EB9E00A24D98 /* SELUpdateAlert.m */ = {isa = PBXFileReference; fileEncoding = 4; lastKnownFileType = sourcecode.c.objc; path = SELUpdateAlert.m; sourceTree = "<group>"; };
		044ADE732138EB9E00A24D98 /* SELUpdateAlertConst.m */ = {isa = PBXFileReference; fileEncoding = 4; lastKnownFileType = sourcecode.c.objc; path = SELUpdateAlertConst.m; sourceTree = "<group>"; };
		044ADE742138EB9E00A24D98 /* SELUpdateAlert.h */ = {isa = PBXFileReference; fileEncoding = 4; lastKnownFileType = sourcecode.c.h; path = SELUpdateAlert.h; sourceTree = "<group>"; };
		044ADE752138EB9E00A24D98 /* UINavigationController+ZFFullscreenPopGesture.m */ = {isa = PBXFileReference; fileEncoding = 4; lastKnownFileType = sourcecode.c.objc; path = "UINavigationController+ZFFullscreenPopGesture.m"; sourceTree = "<group>"; };
		044ADE762138EB9E00A24D98 /* UIButton+Addons.m */ = {isa = PBXFileReference; fileEncoding = 4; lastKnownFileType = sourcecode.c.objc; path = "UIButton+Addons.m"; sourceTree = "<group>"; };
		044ADE782138EB9E00A24D98 /* UIView+WMFrame.m */ = {isa = PBXFileReference; fileEncoding = 4; lastKnownFileType = sourcecode.c.objc; path = "UIView+WMFrame.m"; sourceTree = "<group>"; };
		044ADE792138EB9E00A24D98 /* resource.xcassets */ = {isa = PBXFileReference; lastKnownFileType = folder.assetcatalog; path = resource.xcassets; sourceTree = "<group>"; };
		044ADE7A2138EB9E00A24D98 /* WMPhotoBrowser.m */ = {isa = PBXFileReference; fileEncoding = 4; lastKnownFileType = sourcecode.c.objc; path = WMPhotoBrowser.m; sourceTree = "<group>"; };
		044ADE7B2138EB9E00A24D98 /* WMPhotoBrowserCell.m */ = {isa = PBXFileReference; fileEncoding = 4; lastKnownFileType = sourcecode.c.objc; path = WMPhotoBrowserCell.m; sourceTree = "<group>"; };
		044ADE7C2138EB9E00A24D98 /* WMPhotoBrowser.h */ = {isa = PBXFileReference; fileEncoding = 4; lastKnownFileType = sourcecode.c.h; path = WMPhotoBrowser.h; sourceTree = "<group>"; };
		044ADE7D2138EB9E00A24D98 /* UIView+WMFrame.h */ = {isa = PBXFileReference; fileEncoding = 4; lastKnownFileType = sourcecode.c.h; path = "UIView+WMFrame.h"; sourceTree = "<group>"; };
		044ADE7E2138EB9E00A24D98 /* WMPhotoBrowserCell.h */ = {isa = PBXFileReference; fileEncoding = 4; lastKnownFileType = sourcecode.c.h; path = WMPhotoBrowserCell.h; sourceTree = "<group>"; };
		044ADE7F2138EB9E00A24D98 /* NSDictionary+Addons.h */ = {isa = PBXFileReference; fileEncoding = 4; lastKnownFileType = sourcecode.c.h; path = "NSDictionary+Addons.h"; sourceTree = "<group>"; };
		044ADE802138EB9E00A24D98 /* UIImage+Addons.h */ = {isa = PBXFileReference; fileEncoding = 4; lastKnownFileType = sourcecode.c.h; path = "UIImage+Addons.h"; sourceTree = "<group>"; };
		044ADE812138EB9E00A24D98 /* NSDate+Extension.m */ = {isa = PBXFileReference; fileEncoding = 4; lastKnownFileType = sourcecode.c.objc; path = "NSDate+Extension.m"; sourceTree = "<group>"; };
		044ADE822138EB9E00A24D98 /* UIImageView+LBBlurredImage.m */ = {isa = PBXFileReference; fileEncoding = 4; lastKnownFileType = sourcecode.c.objc; path = "UIImageView+LBBlurredImage.m"; sourceTree = "<group>"; };
		044ADE832138EB9E00A24D98 /* NSString+checkNull.m */ = {isa = PBXFileReference; fileEncoding = 4; lastKnownFileType = sourcecode.c.objc; path = "NSString+checkNull.m"; sourceTree = "<group>"; };
		044ADE842138EB9E00A24D98 /* UIColor+Extension.m */ = {isa = PBXFileReference; fileEncoding = 4; lastKnownFileType = sourcecode.c.objc; path = "UIColor+Extension.m"; sourceTree = "<group>"; };
		044ADE852138EB9E00A24D98 /* PlaceholderTextView.h */ = {isa = PBXFileReference; fileEncoding = 4; lastKnownFileType = sourcecode.c.h; path = PlaceholderTextView.h; sourceTree = "<group>"; };
		044ADE872138EB9E00A24D98 /* MBProgressHUD.m */ = {isa = PBXFileReference; fileEncoding = 4; lastKnownFileType = sourcecode.c.objc; path = MBProgressHUD.m; sourceTree = "<group>"; };
		044ADE882138EB9E00A24D98 /* MBProgressHUD+Show.h */ = {isa = PBXFileReference; fileEncoding = 4; lastKnownFileType = sourcecode.c.h; path = "MBProgressHUD+Show.h"; sourceTree = "<group>"; };
		044ADE892138EB9E00A24D98 /* MBProgressHUD.h */ = {isa = PBXFileReference; fileEncoding = 4; lastKnownFileType = sourcecode.c.h; path = MBProgressHUD.h; sourceTree = "<group>"; };
		044ADE8A2138EB9E00A24D98 /* MBProgressHUD+Show.m */ = {isa = PBXFileReference; fileEncoding = 4; lastKnownFileType = sourcecode.c.objc; path = "MBProgressHUD+Show.m"; sourceTree = "<group>"; };
		044ADE8B2138EB9E00A24D98 /* MBProgressHUD.bundle */ = {isa = PBXFileReference; lastKnownFileType = "wrapper.plug-in"; path = MBProgressHUD.bundle; sourceTree = "<group>"; };
		044ADE8C2138EB9E00A24D98 /* UIView+Sizes.h */ = {isa = PBXFileReference; fileEncoding = 4; lastKnownFileType = sourcecode.c.h; path = "UIView+Sizes.h"; sourceTree = "<group>"; };
		044ADE8D2138EB9E00A24D98 /* ZHPickView.m */ = {isa = PBXFileReference; fileEncoding = 4; lastKnownFileType = sourcecode.c.objc; path = ZHPickView.m; sourceTree = "<group>"; };
		044ADE8F2138EB9E00A24D98 /* GKCover.h */ = {isa = PBXFileReference; fileEncoding = 4; lastKnownFileType = sourcecode.c.h; path = GKCover.h; sourceTree = "<group>"; };
		044ADE912138EB9E00A24D98 /* UIView+GKExtension.m */ = {isa = PBXFileReference; fileEncoding = 4; lastKnownFileType = sourcecode.c.objc; path = "UIView+GKExtension.m"; sourceTree = "<group>"; };
		044ADE922138EB9E00A24D98 /* UIView+GKExtension.h */ = {isa = PBXFileReference; fileEncoding = 4; lastKnownFileType = sourcecode.c.h; path = "UIView+GKExtension.h"; sourceTree = "<group>"; };
		044ADE932138EB9E00A24D98 /* GKCoverEnum.h */ = {isa = PBXFileReference; fileEncoding = 4; lastKnownFileType = sourcecode.c.h; path = GKCoverEnum.h; sourceTree = "<group>"; };
		044ADE942138EB9E00A24D98 /* GKCover.m */ = {isa = PBXFileReference; fileEncoding = 4; lastKnownFileType = sourcecode.c.objc; path = GKCover.m; sourceTree = "<group>"; };
		044ADE952138EB9E00A24D98 /* UIImage+ImageEffects.m */ = {isa = PBXFileReference; fileEncoding = 4; lastKnownFileType = sourcecode.c.objc; path = "UIImage+ImageEffects.m"; sourceTree = "<group>"; };
		044ADE982138EB9E00A24D98 /* UINavigationController+ZFFullscreenPopGesture.h */ = {isa = PBXFileReference; fileEncoding = 4; lastKnownFileType = sourcecode.c.h; path = "UINavigationController+ZFFullscreenPopGesture.h"; sourceTree = "<group>"; };
		044ADE992138EB9E00A24D98 /* UIColor+Addons.m */ = {isa = PBXFileReference; fileEncoding = 4; lastKnownFileType = sourcecode.c.objc; path = "UIColor+Addons.m"; sourceTree = "<group>"; };
		044ADEBC2138EBD900A24D98 /* NBATools.m */ = {isa = PBXFileReference; fileEncoding = 4; lastKnownFileType = sourcecode.c.objc; path = NBATools.m; sourceTree = "<group>"; };
		044ADEBD2138EBD900A24D98 /* importHeader.h */ = {isa = PBXFileReference; fileEncoding = 4; lastKnownFileType = sourcecode.c.h; path = importHeader.h; sourceTree = "<group>"; };
		044ADEBE2138EBD900A24D98 /* defineHeader.h */ = {isa = PBXFileReference; fileEncoding = 4; lastKnownFileType = sourcecode.c.h; path = defineHeader.h; sourceTree = "<group>"; };
		044ADEBF2138EBD900A24D98 /* NBATools.h */ = {isa = PBXFileReference; fileEncoding = 4; lastKnownFileType = sourcecode.c.h; path = NBATools.h; sourceTree = "<group>"; };
		0472EDA92139003F00C0157D /* BmobSDK.framework */ = {isa = PBXFileReference; lastKnownFileType = wrapper.framework; path = BmobSDK.framework; sourceTree = "<group>"; };
		0472EDAB2139008D00C0157D /* CoreLocation.framework */ = {isa = PBXFileReference; lastKnownFileType = wrapper.framework; name = CoreLocation.framework; path = System/Library/Frameworks/CoreLocation.framework; sourceTree = SDKROOT; };
		0472EDAC2139009500C0157D /* Security.framework */ = {isa = PBXFileReference; lastKnownFileType = wrapper.framework; name = Security.framework; path = System/Library/Frameworks/Security.framework; sourceTree = SDKROOT; };
		0472EDAF213900B100C0157D /* CoreGraphics.framework */ = {isa = PBXFileReference; lastKnownFileType = wrapper.framework; name = CoreGraphics.framework; path = System/Library/Frameworks/CoreGraphics.framework; sourceTree = SDKROOT; };
		0472EDB1213900BF00C0157D /* MobileCoreServices.framework */ = {isa = PBXFileReference; lastKnownFileType = wrapper.framework; name = MobileCoreServices.framework; path = System/Library/Frameworks/MobileCoreServices.framework; sourceTree = SDKROOT; };
		0472EDB3213900CB00C0157D /* CFNetwork.framework */ = {isa = PBXFileReference; lastKnownFileType = wrapper.framework; name = CFNetwork.framework; path = System/Library/Frameworks/CFNetwork.framework; sourceTree = SDKROOT; };
		0472EDB5213900D900C0157D /* CoreTelephony.framework */ = {isa = PBXFileReference; lastKnownFileType = wrapper.framework; name = CoreTelephony.framework; path = System/Library/Frameworks/CoreTelephony.framework; sourceTree = SDKROOT; };
		0472EDB72139019800C0157D /* SystemConfiguration.framework */ = {isa = PBXFileReference; lastKnownFileType = wrapper.framework; name = SystemConfiguration.framework; path = System/Library/Frameworks/SystemConfiguration.framework; sourceTree = SDKROOT; };
		0472EDB9213901A800C0157D /* libz.1.2.5.tbd */ = {isa = PBXFileReference; lastKnownFileType = "sourcecode.text-based-dylib-definition"; name = libz.1.2.5.tbd; path = usr/lib/libz.1.2.5.tbd; sourceTree = SDKROOT; };
		0472EDBB213901B100C0157D /* libicucore.tbd */ = {isa = PBXFileReference; lastKnownFileType = "sourcecode.text-based-dylib-definition"; name = libicucore.tbd; path = usr/lib/libicucore.tbd; sourceTree = SDKROOT; };
		0472EDBD213901BB00C0157D /* libsqlite3.tbd */ = {isa = PBXFileReference; lastKnownFileType = "sourcecode.text-based-dylib-definition"; name = libsqlite3.tbd; path = usr/lib/libsqlite3.tbd; sourceTree = SDKROOT; };
		0472EDBF213901C700C0157D /* libc++.tbd */ = {isa = PBXFileReference; lastKnownFileType = "sourcecode.text-based-dylib-definition"; name = "libc++.tbd"; path = "usr/lib/libc++.tbd"; sourceTree = SDKROOT; };
		0472EDC1213901D100C0157D /* Photos.framework */ = {isa = PBXFileReference; lastKnownFileType = wrapper.framework; name = Photos.framework; path = System/Library/Frameworks/Photos.framework; sourceTree = SDKROOT; };
		41178E788A1D1F0C90EB046D /* Pods-newPro.debug.xcconfig */ = {isa = PBXFileReference; includeInIndex = 1; lastKnownFileType = text.xcconfig; name = "Pods-newPro.debug.xcconfig"; path = "Pods/Target Support Files/Pods-newPro/Pods-newPro.debug.xcconfig"; sourceTree = "<group>"; };
		A421241E5EE2F373A90AED07 /* Pods_newPro.framework */ = {isa = PBXFileReference; explicitFileType = wrapper.framework; includeInIndex = 0; path = Pods_newPro.framework; sourceTree = BUILT_PRODUCTS_DIR; };
		A81638EF212F058A00983D9F /* PrefixHeader.pch */ = {isa = PBXFileReference; lastKnownFileType = sourcecode.c.h; path = PrefixHeader.pch; sourceTree = "<group>"; };
		A8C2C8AC212EFCA100941B98 /* newPro.app */ = {isa = PBXFileReference; explicitFileType = wrapper.application; includeInIndex = 0; path = newPro.app; sourceTree = BUILT_PRODUCTS_DIR; };
		A8C2C8AF212EFCA100941B98 /* AppDelegate.h */ = {isa = PBXFileReference; lastKnownFileType = sourcecode.c.h; path = AppDelegate.h; sourceTree = "<group>"; };
		A8C2C8B0212EFCA100941B98 /* AppDelegate.m */ = {isa = PBXFileReference; lastKnownFileType = sourcecode.c.objc; path = AppDelegate.m; sourceTree = "<group>"; };
		A8C2C8B2212EFCA100941B98 /* ViewController.h */ = {isa = PBXFileReference; lastKnownFileType = sourcecode.c.h; path = ViewController.h; sourceTree = "<group>"; };
		A8C2C8B3212EFCA100941B98 /* ViewController.m */ = {isa = PBXFileReference; lastKnownFileType = sourcecode.c.objc; path = ViewController.m; sourceTree = "<group>"; };
		A8C2C8B6212EFCA100941B98 /* Base */ = {isa = PBXFileReference; lastKnownFileType = file.storyboard; name = Base; path = Base.lproj/Main.storyboard; sourceTree = "<group>"; };
		A8C2C8B9212EFCA100941B98 /* newPro.xcdatamodel */ = {isa = PBXFileReference; lastKnownFileType = wrapper.xcdatamodel; path = newPro.xcdatamodel; sourceTree = "<group>"; };
		A8C2C8BB212EFCA100941B98 /* Assets.xcassets */ = {isa = PBXFileReference; lastKnownFileType = folder.assetcatalog; path = Assets.xcassets; sourceTree = "<group>"; };
		A8C2C8BE212EFCA100941B98 /* Base */ = {isa = PBXFileReference; lastKnownFileType = file.storyboard; name = Base; path = Base.lproj/LaunchScreen.storyboard; sourceTree = "<group>"; };
		A8C2C8C0212EFCA100941B98 /* Info.plist */ = {isa = PBXFileReference; lastKnownFileType = text.plist.xml; path = Info.plist; sourceTree = "<group>"; };
		A8C2C8C1212EFCA100941B98 /* main.m */ = {isa = PBXFileReference; lastKnownFileType = sourcecode.c.objc; path = main.m; sourceTree = "<group>"; };
		A8C2C8C7212EFCA100941B98 /* newProTests.xctest */ = {isa = PBXFileReference; explicitFileType = wrapper.cfbundle; includeInIndex = 0; path = newProTests.xctest; sourceTree = BUILT_PRODUCTS_DIR; };
		A8C2C8CB212EFCA100941B98 /* newProTests.m */ = {isa = PBXFileReference; lastKnownFileType = sourcecode.c.objc; path = newProTests.m; sourceTree = "<group>"; };
		A8C2C8CD212EFCA100941B98 /* Info.plist */ = {isa = PBXFileReference; lastKnownFileType = text.plist.xml; path = Info.plist; sourceTree = "<group>"; };
		A8C2C8D2212EFCA200941B98 /* newProUITests.xctest */ = {isa = PBXFileReference; explicitFileType = wrapper.cfbundle; includeInIndex = 0; path = newProUITests.xctest; sourceTree = BUILT_PRODUCTS_DIR; };
		A8C2C8D6212EFCA200941B98 /* newProUITests.m */ = {isa = PBXFileReference; lastKnownFileType = sourcecode.c.objc; path = newProUITests.m; sourceTree = "<group>"; };
		A8C2C8D8212EFCA200941B98 /* Info.plist */ = {isa = PBXFileReference; lastKnownFileType = text.plist.xml; path = Info.plist; sourceTree = "<group>"; };
		BBB5DBBF08326FF246B25E31 /* Pods-newPro.release.xcconfig */ = {isa = PBXFileReference; includeInIndex = 1; lastKnownFileType = text.xcconfig; name = "Pods-newPro.release.xcconfig"; path = "Pods/Target Support Files/Pods-newPro/Pods-newPro.release.xcconfig"; sourceTree = "<group>"; };
/* End PBXFileReference section */

/* Begin PBXFrameworksBuildPhase section */
		A8C2C8A9212EFCA100941B98 /* Frameworks */ = {
			isa = PBXFrameworksBuildPhase;
			buildActionMask = 2147483647;
			files = (
				0472EDC2213901D600C0157D /* Photos.framework in Frameworks */,
				0472EDB82139019E00C0157D /* SystemConfiguration.framework in Frameworks */,
				0472EDB6213900DD00C0157D /* CoreTelephony.framework in Frameworks */,
				0472EDB4213900D000C0157D /* CFNetwork.framework in Frameworks */,
				0472EDC0213901C700C0157D /* libc++.tbd in Frameworks */,
				0472EDB2213900C400C0157D /* MobileCoreServices.framework in Frameworks */,
				0472EDB0213900B800C0157D /* CoreGraphics.framework in Frameworks */,
				0472EDBC213901B100C0157D /* libicucore.tbd in Frameworks */,
				0472EDBE213901BB00C0157D /* libsqlite3.tbd in Frameworks */,
				0472EDAE213900A900C0157D /* CoreLocation.framework in Frameworks */,
				0472EDAD213900A100C0157D /* Security.framework in Frameworks */,
				0472EDBA213901A800C0157D /* libz.1.2.5.tbd in Frameworks */,
				BD2E8FD7314BF18E180896FE /* Pods_newPro.framework in Frameworks */,
				0472EDAA2139003F00C0157D /* BmobSDK.framework in Frameworks */,
			);
			runOnlyForDeploymentPostprocessing = 0;
		};
		A8C2C8C4212EFCA100941B98 /* Frameworks */ = {
			isa = PBXFrameworksBuildPhase;
			buildActionMask = 2147483647;
			files = (
			);
			runOnlyForDeploymentPostprocessing = 0;
		};
		A8C2C8CF212EFCA200941B98 /* Frameworks */ = {
			isa = PBXFrameworksBuildPhase;
			buildActionMask = 2147483647;
			files = (
			);
			runOnlyForDeploymentPostprocessing = 0;
		};
/* End PBXFrameworksBuildPhase section */

/* Begin PBXGroup section */
		044ADE4B2138EB1000A24D98 /* otherFile */ = {
			isa = PBXGroup;
			children = (
				A8C2C8B5212EFCA100941B98 /* Main.storyboard */,
				A8C2C8BD212EFCA100941B98 /* LaunchScreen.storyboard */,
				A8C2C8BB212EFCA100941B98 /* Assets.xcassets */,
				A8C2C8C0212EFCA100941B98 /* Info.plist */,
				A8C2C8B8212EFCA100941B98 /* newPro.xcdatamodeld */,
				A8C2C8C1212EFCA100941B98 /* main.m */,
			);
			name = otherFile;
			sourceTree = "<group>";
		};
		044ADE4E2138EB9E00A24D98 /* vendor */ = {
			isa = PBXGroup;
			children = (
				044ADEC12138ECEC00A24D98 /* UIview+Exension */,
				044ADE4F2138EB9E00A24D98 /* NewPagedFlowView */,
				044ADE632138EB9E00A24D98 /* LBGIFImage */,
				044ADE5E2138EB9E00A24D98 /* CustomeView */,
				044ADE672138EB9E00A24D98 /* SVProgressHUD */,
				044ADE702138EB9E00A24D98 /* UpdateAlert */,
				044ADE862138EB9E00A24D98 /* MBprogressHUD */,
				044ADE8E2138EB9E00A24D98 /* GKCover */,
				044ADE772138EB9E00A24D98 /* WMPhotoBrowser */,
				044ADE572138EB9E00A24D98 /* PlaceholderTextView.m */,
				044ADE852138EB9E00A24D98 /* PlaceholderTextView.h */,
			);
			path = vendor;
			sourceTree = "<group>";
		};
		044ADE4F2138EB9E00A24D98 /* NewPagedFlowView */ = {
			isa = PBXGroup;
			children = (
				044ADE502138EB9E00A24D98 /* NewPagedFlowView.m */,
				044ADE512138EB9E00A24D98 /* NewPagedFlowView.h */,
			);
			path = NewPagedFlowView;
			sourceTree = "<group>";
		};
		044ADE5E2138EB9E00A24D98 /* CustomeView */ = {
			isa = PBXGroup;
			children = (
				044ADE5F2138EB9E00A24D98 /* PGIndexBannerSubiew.m */,
				044ADE602138EB9E00A24D98 /* PGIndexBannerSubiew.h */,
			);
			path = CustomeView;
			sourceTree = "<group>";
		};
		044ADE632138EB9E00A24D98 /* LBGIFImage */ = {
			isa = PBXGroup;
			children = (
				044ADE642138EB9E00A24D98 /* UIImage+GIF.m */,
				044ADE652138EB9E00A24D98 /* UIImage+GIF.h */,
			);
			path = LBGIFImage;
			sourceTree = "<group>";
		};
		044ADE672138EB9E00A24D98 /* SVProgressHUD */ = {
			isa = PBXGroup;
			children = (
				044ADE682138EB9E00A24D98 /* SVRadialGradientLayer.m */,
				044ADE692138EB9E00A24D98 /* SVIndefiniteAnimatedView.h */,
				044ADE6A2138EB9E00A24D98 /* SVProgressHUD.h */,
				044ADE6B2138EB9E00A24D98 /* SVProgressHUD-Prefix.pch */,
				044ADE6C2138EB9E00A24D98 /* SVRadialGradientLayer.h */,
				044ADE6D2138EB9E00A24D98 /* SVProgressHUD.m */,
				044ADE6E2138EB9E00A24D98 /* SVIndefiniteAnimatedView.m */,
				044ADE6F2138EB9E00A24D98 /* SVProgressHUD.bundle */,
			);
			path = SVProgressHUD;
			sourceTree = "<group>";
		};
		044ADE702138EB9E00A24D98 /* UpdateAlert */ = {
			isa = PBXGroup;
			children = (
				044ADE712138EB9E00A24D98 /* SELUpdateAlertConst.h */,
				044ADE722138EB9E00A24D98 /* SELUpdateAlert.m */,
				044ADE732138EB9E00A24D98 /* SELUpdateAlertConst.m */,
				044ADE742138EB9E00A24D98 /* SELUpdateAlert.h */,
			);
			path = UpdateAlert;
			sourceTree = "<group>";
		};
		044ADE772138EB9E00A24D98 /* WMPhotoBrowser */ = {
			isa = PBXGroup;
			children = (
				044ADE782138EB9E00A24D98 /* UIView+WMFrame.m */,
				044ADE792138EB9E00A24D98 /* resource.xcassets */,
				044ADE7A2138EB9E00A24D98 /* WMPhotoBrowser.m */,
				044ADE7B2138EB9E00A24D98 /* WMPhotoBrowserCell.m */,
				044ADE7C2138EB9E00A24D98 /* WMPhotoBrowser.h */,
				044ADE7D2138EB9E00A24D98 /* UIView+WMFrame.h */,
				044ADE7E2138EB9E00A24D98 /* WMPhotoBrowserCell.h */,
			);
			path = WMPhotoBrowser;
			sourceTree = "<group>";
		};
		044ADE862138EB9E00A24D98 /* MBprogressHUD */ = {
			isa = PBXGroup;
			children = (
				044ADE872138EB9E00A24D98 /* MBProgressHUD.m */,
				044ADE882138EB9E00A24D98 /* MBProgressHUD+Show.h */,
				044ADE892138EB9E00A24D98 /* MBProgressHUD.h */,
				044ADE8A2138EB9E00A24D98 /* MBProgressHUD+Show.m */,
				044ADE8B2138EB9E00A24D98 /* MBProgressHUD.bundle */,
			);
			path = MBprogressHUD;
			sourceTree = "<group>";
		};
		044ADE8E2138EB9E00A24D98 /* GKCover */ = {
			isa = PBXGroup;
			children = (
				044ADE8F2138EB9E00A24D98 /* GKCover.h */,
				044ADE902138EB9E00A24D98 /* Category */,
				044ADE932138EB9E00A24D98 /* GKCoverEnum.h */,
				044ADE942138EB9E00A24D98 /* GKCover.m */,
			);
			path = GKCover;
			sourceTree = "<group>";
		};
		044ADE902138EB9E00A24D98 /* Category */ = {
			isa = PBXGroup;
			children = (
				044ADE912138EB9E00A24D98 /* UIView+GKExtension.m */,
				044ADE922138EB9E00A24D98 /* UIView+GKExtension.h */,
			);
			path = Category;
			sourceTree = "<group>";
		};
		044ADEBB2138EBD900A24D98 /* defineFile */ = {
			isa = PBXGroup;
			children = (
				044ADEBF2138EBD900A24D98 /* NBATools.h */,
				044ADEBC2138EBD900A24D98 /* NBATools.m */,
				044ADEBD2138EBD900A24D98 /* importHeader.h */,
				044ADEBE2138EBD900A24D98 /* defineHeader.h */,
			);
			path = defineFile;
			sourceTree = "<group>";
		};
		044ADEC12138ECEC00A24D98 /* UIview+Exension */ = {
			isa = PBXGroup;
			children = (
				044ADE582138EB9E00A24D98 /* UIColor+Extension.h */,
				044ADE842138EB9E00A24D98 /* UIColor+Extension.m */,
				044ADE592138EB9E00A24D98 /* UIImageView+LBBlurredImage.h */,
				044ADE822138EB9E00A24D98 /* UIImageView+LBBlurredImage.m */,
				044ADE552138EB9E00A24D98 /* UIButton+Addons.h */,
				044ADE762138EB9E00A24D98 /* UIButton+Addons.m */,
				044ADE662138EB9E00A24D98 /* UIColor+Addons.h */,
				044ADE992138EB9E00A24D98 /* UIColor+Addons.m */,
				044ADE8C2138EB9E00A24D98 /* UIView+Sizes.h */,
				044ADE562138EB9E00A24D98 /* UIView+Sizes.m */,
				044ADE5A2138EB9E00A24D98 /* NSString+checkNull.h */,
				044ADE832138EB9E00A24D98 /* NSString+checkNull.m */,
				044ADE5B2138EB9E00A24D98 /* NSDate+Extension.h */,
				044ADE812138EB9E00A24D98 /* NSDate+Extension.m */,
				044ADE7F2138EB9E00A24D98 /* NSDictionary+Addons.h */,
				044ADE5C2138EB9E00A24D98 /* NSDictionary+Addons.m */,
				044ADE802138EB9E00A24D98 /* UIImage+Addons.h */,
				044ADE5D2138EB9E00A24D98 /* UIImage+Addons.m */,
				044ADE612138EB9E00A24D98 /* UIImage+ImageEffects.h */,
				044ADE952138EB9E00A24D98 /* UIImage+ImageEffects.m */,
				044ADE622138EB9E00A24D98 /* ZHPickView.h */,
				044ADE8D2138EB9E00A24D98 /* ZHPickView.m */,
				044ADE752138EB9E00A24D98 /* UINavigationController+ZFFullscreenPopGesture.m */,
				044ADE982138EB9E00A24D98 /* UINavigationController+ZFFullscreenPopGesture.h */,
			);
			path = "UIview+Exension";
			sourceTree = "<group>";
		};
		0472EDA82139002D00C0157D /* FrameWork */ = {
			isa = PBXGroup;
			children = (
				0472EDA92139003F00C0157D /* BmobSDK.framework */,
			);
			path = FrameWork;
			sourceTree = "<group>";
		};
		1007BB51C98C0650F73AED1B /* Frameworks */ = {
			isa = PBXGroup;
			children = (
				0472EDC1213901D100C0157D /* Photos.framework */,
				0472EDBF213901C700C0157D /* libc++.tbd */,
				0472EDBD213901BB00C0157D /* libsqlite3.tbd */,
				0472EDBB213901B100C0157D /* libicucore.tbd */,
				0472EDB9213901A800C0157D /* libz.1.2.5.tbd */,
				0472EDB72139019800C0157D /* SystemConfiguration.framework */,
				0472EDB5213900D900C0157D /* CoreTelephony.framework */,
				0472EDB3213900CB00C0157D /* CFNetwork.framework */,
				0472EDB1213900BF00C0157D /* MobileCoreServices.framework */,
				0472EDAF213900B100C0157D /* CoreGraphics.framework */,
				0472EDAC2139009500C0157D /* Security.framework */,
				0472EDAB2139008D00C0157D /* CoreLocation.framework */,
				A421241E5EE2F373A90AED07 /* Pods_newPro.framework */,
			);
			name = Frameworks;
			sourceTree = "<group>";
		};
		A8C2C8A3212EFCA100941B98 = {
			isa = PBXGroup;
			children = (
				A8C2C8AE212EFCA100941B98 /* newPro */,
				A8C2C8CA212EFCA100941B98 /* newProTests */,
				A8C2C8D5212EFCA200941B98 /* newProUITests */,
				A8C2C8AD212EFCA100941B98 /* Products */,
				CED49BECBAE0D5AA75E0772B /* Pods */,
				1007BB51C98C0650F73AED1B /* Frameworks */,
			);
			sourceTree = "<group>";
		};
		A8C2C8AD212EFCA100941B98 /* Products */ = {
			isa = PBXGroup;
			children = (
				A8C2C8AC212EFCA100941B98 /* newPro.app */,
				A8C2C8C7212EFCA100941B98 /* newProTests.xctest */,
				A8C2C8D2212EFCA200941B98 /* newProUITests.xctest */,
			);
			name = Products;
			sourceTree = "<group>";
		};
		A8C2C8AE212EFCA100941B98 /* newPro */ = {
			isa = PBXGroup;
			children = (
				0472EDA82139002D00C0157D /* FrameWork */,
				044ADEBB2138EBD900A24D98 /* defineFile */,
				044ADE4E2138EB9E00A24D98 /* vendor */,
				A8C2C8AF212EFCA100941B98 /* AppDelegate.h */,
				A8C2C8B0212EFCA100941B98 /* AppDelegate.m */,
				A8C2C8B2212EFCA100941B98 /* ViewController.h */,
				A8C2C8B3212EFCA100941B98 /* ViewController.m */,
				A81638EF212F058A00983D9F /* PrefixHeader.pch */,
				044ADE4B2138EB1000A24D98 /* otherFile */,
			);
			path = newPro;
			sourceTree = "<group>";
		};
		A8C2C8CA212EFCA100941B98 /* newProTests */ = {
			isa = PBXGroup;
			children = (
				A8C2C8CB212EFCA100941B98 /* newProTests.m */,
				A8C2C8CD212EFCA100941B98 /* Info.plist */,
			);
			path = newProTests;
			sourceTree = "<group>";
		};
		A8C2C8D5212EFCA200941B98 /* newProUITests */ = {
			isa = PBXGroup;
			children = (
				A8C2C8D6212EFCA200941B98 /* newProUITests.m */,
				A8C2C8D8212EFCA200941B98 /* Info.plist */,
			);
			path = newProUITests;
			sourceTree = "<group>";
		};
		CED49BECBAE0D5AA75E0772B /* Pods */ = {
			isa = PBXGroup;
			children = (
				41178E788A1D1F0C90EB046D /* Pods-newPro.debug.xcconfig */,
				BBB5DBBF08326FF246B25E31 /* Pods-newPro.release.xcconfig */,
			);
			name = Pods;
			sourceTree = "<group>";
		};
/* End PBXGroup section */

/* Begin PBXNativeTarget section */
		A8C2C8AB212EFCA100941B98 /* newPro */ = {
			isa = PBXNativeTarget;
			buildConfigurationList = A8C2C8DB212EFCA200941B98 /* Build configuration list for PBXNativeTarget "newPro" */;
			buildPhases = (
				201439C6133320517BE8EAFE /* [CP] Check Pods Manifest.lock */,
				A8C2C8A8212EFCA100941B98 /* Sources */,
				A8C2C8A9212EFCA100941B98 /* Frameworks */,
				A8C2C8AA212EFCA100941B98 /* Resources */,
				9B439D0706B95C8B02016A08 /* [CP] Embed Pods Frameworks */,
			);
			buildRules = (
			);
			dependencies = (
			);
			name = newPro;
			productName = newPro;
			productReference = A8C2C8AC212EFCA100941B98 /* newPro.app */;
			productType = "com.apple.product-type.application";
		};
		A8C2C8C6212EFCA100941B98 /* newProTests */ = {
			isa = PBXNativeTarget;
			buildConfigurationList = A8C2C8DE212EFCA200941B98 /* Build configuration list for PBXNativeTarget "newProTests" */;
			buildPhases = (
				A8C2C8C3212EFCA100941B98 /* Sources */,
				A8C2C8C4212EFCA100941B98 /* Frameworks */,
				A8C2C8C5212EFCA100941B98 /* Resources */,
			);
			buildRules = (
			);
			dependencies = (
				A8C2C8C9212EFCA100941B98 /* PBXTargetDependency */,
			);
			name = newProTests;
			productName = newProTests;
			productReference = A8C2C8C7212EFCA100941B98 /* newProTests.xctest */;
			productType = "com.apple.product-type.bundle.unit-test";
		};
		A8C2C8D1212EFCA200941B98 /* newProUITests */ = {
			isa = PBXNativeTarget;
			buildConfigurationList = A8C2C8E1212EFCA200941B98 /* Build configuration list for PBXNativeTarget "newProUITests" */;
			buildPhases = (
				A8C2C8CE212EFCA200941B98 /* Sources */,
				A8C2C8CF212EFCA200941B98 /* Frameworks */,
				A8C2C8D0212EFCA200941B98 /* Resources */,
			);
			buildRules = (
			);
			dependencies = (
				A8C2C8D4212EFCA200941B98 /* PBXTargetDependency */,
			);
			name = newProUITests;
			productName = newProUITests;
			productReference = A8C2C8D2212EFCA200941B98 /* newProUITests.xctest */;
			productType = "com.apple.product-type.bundle.ui-testing";
		};
/* End PBXNativeTarget section */

/* Begin PBXProject section */
		A8C2C8A4212EFCA100941B98 /* Project object */ = {
			isa = PBXProject;
			attributes = {
				LastUpgradeCheck = 0920;
				ORGANIZATIONNAME = HaoYang;
				TargetAttributes = {
					A8C2C8AB212EFCA100941B98 = {
						CreatedOnToolsVersion = 9.2;
						ProvisioningStyle = Automatic;
					};
					A8C2C8C6212EFCA100941B98 = {
						CreatedOnToolsVersion = 9.2;
						ProvisioningStyle = Automatic;
						TestTargetID = A8C2C8AB212EFCA100941B98;
					};
					A8C2C8D1212EFCA200941B98 = {
						CreatedOnToolsVersion = 9.2;
						ProvisioningStyle = Automatic;
						TestTargetID = A8C2C8AB212EFCA100941B98;
					};
				};
			};
			buildConfigurationList = A8C2C8A7212EFCA100941B98 /* Build configuration list for PBXProject "newPro" */;
			compatibilityVersion = "Xcode 8.0";
			developmentRegion = en;
			hasScannedForEncodings = 0;
			knownRegions = (
				en,
				Base,
			);
			mainGroup = A8C2C8A3212EFCA100941B98;
			productRefGroup = A8C2C8AD212EFCA100941B98 /* Products */;
			projectDirPath = "";
			projectRoot = "";
			targets = (
				A8C2C8AB212EFCA100941B98 /* newPro */,
				A8C2C8C6212EFCA100941B98 /* newProTests */,
				A8C2C8D1212EFCA200941B98 /* newProUITests */,
			);
		};
/* End PBXProject section */

/* Begin PBXResourcesBuildPhase section */
		A8C2C8AA212EFCA100941B98 /* Resources */ = {
			isa = PBXResourcesBuildPhase;
			buildActionMask = 2147483647;
			files = (
				044ADEA52138EB9E00A24D98 /* SVProgressHUD.bundle in Resources */,
				A8C2C8BF212EFCA100941B98 /* LaunchScreen.storyboard in Resources */,
				044ADEAB2138EB9E00A24D98 /* resource.xcassets in Resources */,
				A8C2C8BC212EFCA100941B98 /* Assets.xcassets in Resources */,
				A8C2C8B7212EFCA100941B98 /* Main.storyboard in Resources */,
				044ADEB42138EB9F00A24D98 /* MBProgressHUD.bundle in Resources */,
			);
			runOnlyForDeploymentPostprocessing = 0;
		};
		A8C2C8C5212EFCA100941B98 /* Resources */ = {
			isa = PBXResourcesBuildPhase;
			buildActionMask = 2147483647;
			files = (
			);
			runOnlyForDeploymentPostprocessing = 0;
		};
		A8C2C8D0212EFCA200941B98 /* Resources */ = {
			isa = PBXResourcesBuildPhase;
			buildActionMask = 2147483647;
			files = (
			);
			runOnlyForDeploymentPostprocessing = 0;
		};
/* End PBXResourcesBuildPhase section */

/* Begin PBXShellScriptBuildPhase section */
		201439C6133320517BE8EAFE /* [CP] Check Pods Manifest.lock */ = {
			isa = PBXShellScriptBuildPhase;
			buildActionMask = 2147483647;
			files = (
			);
			inputPaths = (
				"${PODS_PODFILE_DIR_PATH}/Podfile.lock",
				"${PODS_ROOT}/Manifest.lock",
			);
			name = "[CP] Check Pods Manifest.lock";
			outputPaths = (
				"$(DERIVED_FILE_DIR)/Pods-newPro-checkManifestLockResult.txt",
			);
			runOnlyForDeploymentPostprocessing = 0;
			shellPath = /bin/sh;
			shellScript = "diff \"${PODS_PODFILE_DIR_PATH}/Podfile.lock\" \"${PODS_ROOT}/Manifest.lock\" > /dev/null\nif [ $? != 0 ] ; then\n    # print error to STDERR\n    echo \"error: The sandbox is not in sync with the Podfile.lock. Run 'pod install' or update your CocoaPods installation.\" >&2\n    exit 1\nfi\n# This output is used by Xcode 'outputs' to avoid re-running this script phase.\necho \"SUCCESS\" > \"${SCRIPT_OUTPUT_FILE_0}\"\n";
			showEnvVarsInLog = 0;
		};
		9B439D0706B95C8B02016A08 /* [CP] Embed Pods Frameworks */ = {
			isa = PBXShellScriptBuildPhase;
			buildActionMask = 2147483647;
			files = (
			);
			inputPaths = (
				"${SRCROOT}/Pods/Target Support Files/Pods-newPro/Pods-newPro-frameworks.sh",
				"${BUILT_PRODUCTS_DIR}/AFNetworking/AFNetworking.framework",
				"${BUILT_PRODUCTS_DIR}/AVOSCloud/AVOSCloud.framework",
				"${BUILT_PRODUCTS_DIR}/AVOSCloudIM/AVOSCloudIM.framework",
				"${BUILT_PRODUCTS_DIR}/ESPictureBrowser/ESPictureBrowser.framework",
				"${BUILT_PRODUCTS_DIR}/FLAnimatedImage/FLAnimatedImage.framework",
				"${BUILT_PRODUCTS_DIR}/HMSegmentedControl/HMSegmentedControl.framework",
				"${BUILT_PRODUCTS_DIR}/HYBNetworking/HYBNetworking.framework",
				"${BUILT_PRODUCTS_DIR}/MJRefresh/MJRefresh.framework",
				"${BUILT_PRODUCTS_DIR}/SDWebImage/SDWebImage.framework",
				"${BUILT_PRODUCTS_DIR}/YYCache/YYCache.framework",
				"${BUILT_PRODUCTS_DIR}/YYImage/YYImage.framework",
				"${BUILT_PRODUCTS_DIR}/YYWebImage/YYWebImage.framework",
			);
			name = "[CP] Embed Pods Frameworks";
			outputPaths = (
				"${TARGET_BUILD_DIR}/${FRAMEWORKS_FOLDER_PATH}/AFNetworking.framework",
				"${TARGET_BUILD_DIR}/${FRAMEWORKS_FOLDER_PATH}/AVOSCloud.framework",
				"${TARGET_BUILD_DIR}/${FRAMEWORKS_FOLDER_PATH}/AVOSCloudIM.framework",
				"${TARGET_BUILD_DIR}/${FRAMEWORKS_FOLDER_PATH}/ESPictureBrowser.framework",
				"${TARGET_BUILD_DIR}/${FRAMEWORKS_FOLDER_PATH}/FLAnimatedImage.framework",
				"${TARGET_BUILD_DIR}/${FRAMEWORKS_FOLDER_PATH}/HMSegmentedControl.framework",
				"${TARGET_BUILD_DIR}/${FRAMEWORKS_FOLDER_PATH}/HYBNetworking.framework",
				"${TARGET_BUILD_DIR}/${FRAMEWORKS_FOLDER_PATH}/MJRefresh.framework",
				"${TARGET_BUILD_DIR}/${FRAMEWORKS_FOLDER_PATH}/SDWebImage.framework",
				"${TARGET_BUILD_DIR}/${FRAMEWORKS_FOLDER_PATH}/YYCache.framework",
				"${TARGET_BUILD_DIR}/${FRAMEWORKS_FOLDER_PATH}/YYImage.framework",
				"${TARGET_BUILD_DIR}/${FRAMEWORKS_FOLDER_PATH}/YYWebImage.framework",
			);
			runOnlyForDeploymentPostprocessing = 0;
			shellPath = /bin/sh;
			shellScript = "\"${SRCROOT}/Pods/Target Support Files/Pods-newPro/Pods-newPro-frameworks.sh\"\n";
			showEnvVarsInLog = 0;
		};
/* End PBXShellScriptBuildPhase section */

/* Begin PBXSourcesBuildPhase section */
		A8C2C8A8212EFCA100941B98 /* Sources */ = {
			isa = PBXSourcesBuildPhase;
			buildActionMask = 2147483647;
			files = (
				044ADEB82138EB9F00A24D98 /* UIImage+ImageEffects.m in Sources */,
				044ADEA72138EB9E00A24D98 /* SELUpdateAlertConst.m in Sources */,
				044ADE9E2138EB9E00A24D98 /* NSDictionary+Addons.m in Sources */,
				044ADEAA2138EB9E00A24D98 /* UIView+WMFrame.m in Sources */,
				A8C2C8B4212EFCA100941B98 /* ViewController.m in Sources */,
				044ADEB62138EB9F00A24D98 /* UIView+GKExtension.m in Sources */,
				044ADEBA2138EB9F00A24D98 /* UIColor+Addons.m in Sources */,
				A8C2C8B1212EFCA100941B98 /* AppDelegate.m in Sources */,
				044ADEB12138EB9F00A24D98 /* UIColor+Extension.m in Sources */,
				044ADEA32138EB9E00A24D98 /* SVProgressHUD.m in Sources */,
				044ADEA02138EB9E00A24D98 /* PGIndexBannerSubiew.m in Sources */,
				044ADEA82138EB9E00A24D98 /* UINavigationController+ZFFullscreenPopGesture.m in Sources */,
				044ADEA42138EB9E00A24D98 /* SVIndefiniteAnimatedView.m in Sources */,
				044ADEA92138EB9E00A24D98 /* UIButton+Addons.m in Sources */,
				044ADEAE2138EB9F00A24D98 /* NSDate+Extension.m in Sources */,
				044ADE9C2138EB9E00A24D98 /* UIView+Sizes.m in Sources */,
				044ADEB22138EB9F00A24D98 /* MBProgressHUD.m in Sources */,
				044ADEAD2138EB9E00A24D98 /* WMPhotoBrowserCell.m in Sources */,
				044ADE9D2138EB9E00A24D98 /* PlaceholderTextView.m in Sources */,
				044ADEA12138EB9E00A24D98 /* UIImage+GIF.m in Sources */,
				044ADEB72138EB9F00A24D98 /* GKCover.m in Sources */,
				044ADEAF2138EB9F00A24D98 /* UIImageView+LBBlurredImage.m in Sources */,
				044ADE9A2138EB9E00A24D98 /* NewPagedFlowView.m in Sources */,
				044ADEA62138EB9E00A24D98 /* SELUpdateAlert.m in Sources */,
				044ADEB32138EB9F00A24D98 /* MBProgressHUD+Show.m in Sources */,
				A8C2C8C2212EFCA100941B98 /* main.m in Sources */,
				044ADEA22138EB9E00A24D98 /* SVRadialGradientLayer.m in Sources */,
				A8C2C8BA212EFCA100941B98 /* newPro.xcdatamodeld in Sources */,
				044ADEC02138EBD900A24D98 /* NBATools.m in Sources */,
				044ADE9F2138EB9E00A24D98 /* UIImage+Addons.m in Sources */,
				044ADEAC2138EB9E00A24D98 /* WMPhotoBrowser.m in Sources */,
				044ADEB02138EB9F00A24D98 /* NSString+checkNull.m in Sources */,
				044ADEB52138EB9F00A24D98 /* ZHPickView.m in Sources */,
			);
			runOnlyForDeploymentPostprocessing = 0;
		};
		A8C2C8C3212EFCA100941B98 /* Sources */ = {
			isa = PBXSourcesBuildPhase;
			buildActionMask = 2147483647;
			files = (
				A8C2C8CC212EFCA100941B98 /* newProTests.m in Sources */,
			);
			runOnlyForDeploymentPostprocessing = 0;
		};
		A8C2C8CE212EFCA200941B98 /* Sources */ = {
			isa = PBXSourcesBuildPhase;
			buildActionMask = 2147483647;
			files = (
				A8C2C8D7212EFCA200941B98 /* newProUITests.m in Sources */,
			);
			runOnlyForDeploymentPostprocessing = 0;
		};
/* End PBXSourcesBuildPhase section */

/* Begin PBXTargetDependency section */
		A8C2C8C9212EFCA100941B98 /* PBXTargetDependency */ = {
			isa = PBXTargetDependency;
			target = A8C2C8AB212EFCA100941B98 /* newPro */;
			targetProxy = A8C2C8C8212EFCA100941B98 /* PBXContainerItemProxy */;
		};
		A8C2C8D4212EFCA200941B98 /* PBXTargetDependency */ = {
			isa = PBXTargetDependency;
			target = A8C2C8AB212EFCA100941B98 /* newPro */;
			targetProxy = A8C2C8D3212EFCA200941B98 /* PBXContainerItemProxy */;
		};
/* End PBXTargetDependency section */

/* Begin PBXVariantGroup section */
		A8C2C8B5212EFCA100941B98 /* Main.storyboard */ = {
			isa = PBXVariantGroup;
			children = (
				A8C2C8B6212EFCA100941B98 /* Base */,
			);
			name = Main.storyboard;
			sourceTree = "<group>";
		};
		A8C2C8BD212EFCA100941B98 /* LaunchScreen.storyboard */ = {
			isa = PBXVariantGroup;
			children = (
				A8C2C8BE212EFCA100941B98 /* Base */,
			);
			name = LaunchScreen.storyboard;
			sourceTree = "<group>";
		};
/* End PBXVariantGroup section */

/* Begin XCBuildConfiguration section */
		A8C2C8D9212EFCA200941B98 /* Debug */ = {
			isa = XCBuildConfiguration;
			buildSettings = {
				ALWAYS_SEARCH_USER_PATHS = NO;
				CLANG_ANALYZER_NONNULL = YES;
				CLANG_ANALYZER_NUMBER_OBJECT_CONVERSION = YES_AGGRESSIVE;
				CLANG_CXX_LANGUAGE_STANDARD = "gnu++14";
				CLANG_CXX_LIBRARY = "libc++";
				CLANG_ENABLE_MODULES = YES;
				CLANG_ENABLE_OBJC_ARC = YES;
				CLANG_WARN_BLOCK_CAPTURE_AUTORELEASING = YES;
				CLANG_WARN_BOOL_CONVERSION = YES;
				CLANG_WARN_COMMA = YES;
				CLANG_WARN_CONSTANT_CONVERSION = YES;
				CLANG_WARN_DIRECT_OBJC_ISA_USAGE = YES_ERROR;
				CLANG_WARN_DOCUMENTATION_COMMENTS = YES;
				CLANG_WARN_EMPTY_BODY = YES;
				CLANG_WARN_ENUM_CONVERSION = YES;
				CLANG_WARN_INFINITE_RECURSION = YES;
				CLANG_WARN_INT_CONVERSION = YES;
				CLANG_WARN_NON_LITERAL_NULL_CONVERSION = YES;
				CLANG_WARN_OBJC_LITERAL_CONVERSION = YES;
				CLANG_WARN_OBJC_ROOT_CLASS = YES_ERROR;
				CLANG_WARN_RANGE_LOOP_ANALYSIS = YES;
				CLANG_WARN_STRICT_PROTOTYPES = YES;
				CLANG_WARN_SUSPICIOUS_MOVE = YES;
				CLANG_WARN_UNGUARDED_AVAILABILITY = YES_AGGRESSIVE;
				CLANG_WARN_UNREACHABLE_CODE = YES;
				CLANG_WARN__DUPLICATE_METHOD_MATCH = YES;
				CODE_SIGN_IDENTITY = "iPhone Developer";
				COPY_PHASE_STRIP = NO;
				DEBUG_INFORMATION_FORMAT = dwarf;
				ENABLE_STRICT_OBJC_MSGSEND = YES;
				ENABLE_TESTABILITY = YES;
				GCC_C_LANGUAGE_STANDARD = gnu11;
				GCC_DYNAMIC_NO_PIC = NO;
				GCC_NO_COMMON_BLOCKS = YES;
				GCC_OPTIMIZATION_LEVEL = 0;
				GCC_PREPROCESSOR_DEFINITIONS = (
					"DEBUG=1",
					"$(inherited)",
				);
				GCC_WARN_64_TO_32_BIT_CONVERSION = YES;
				GCC_WARN_ABOUT_RETURN_TYPE = YES_ERROR;
				GCC_WARN_UNDECLARED_SELECTOR = YES;
				GCC_WARN_UNINITIALIZED_AUTOS = YES_AGGRESSIVE;
				GCC_WARN_UNUSED_FUNCTION = YES;
				GCC_WARN_UNUSED_VARIABLE = YES;
				IPHONEOS_DEPLOYMENT_TARGET = 11.2;
				MTL_ENABLE_DEBUG_INFO = YES;
				ONLY_ACTIVE_ARCH = YES;
				SDKROOT = iphoneos;
			};
			name = Debug;
		};
		A8C2C8DA212EFCA200941B98 /* Release */ = {
			isa = XCBuildConfiguration;
			buildSettings = {
				ALWAYS_SEARCH_USER_PATHS = NO;
				CLANG_ANALYZER_NONNULL = YES;
				CLANG_ANALYZER_NUMBER_OBJECT_CONVERSION = YES_AGGRESSIVE;
				CLANG_CXX_LANGUAGE_STANDARD = "gnu++14";
				CLANG_CXX_LIBRARY = "libc++";
				CLANG_ENABLE_MODULES = YES;
				CLANG_ENABLE_OBJC_ARC = YES;
				CLANG_WARN_BLOCK_CAPTURE_AUTORELEASING = YES;
				CLANG_WARN_BOOL_CONVERSION = YES;
				CLANG_WARN_COMMA = YES;
				CLANG_WARN_CONSTANT_CONVERSION = YES;
				CLANG_WARN_DIRECT_OBJC_ISA_USAGE = YES_ERROR;
				CLANG_WARN_DOCUMENTATION_COMMENTS = YES;
				CLANG_WARN_EMPTY_BODY = YES;
				CLANG_WARN_ENUM_CONVERSION = YES;
				CLANG_WARN_INFINITE_RECURSION = YES;
				CLANG_WARN_INT_CONVERSION = YES;
				CLANG_WARN_NON_LITERAL_NULL_CONVERSION = YES;
				CLANG_WARN_OBJC_LITERAL_CONVERSION = YES;
				CLANG_WARN_OBJC_ROOT_CLASS = YES_ERROR;
				CLANG_WARN_RANGE_LOOP_ANALYSIS = YES;
				CLANG_WARN_STRICT_PROTOTYPES = YES;
				CLANG_WARN_SUSPICIOUS_MOVE = YES;
				CLANG_WARN_UNGUARDED_AVAILABILITY = YES_AGGRESSIVE;
				CLANG_WARN_UNREACHABLE_CODE = YES;
				CLANG_WARN__DUPLICATE_METHOD_MATCH = YES;
				CODE_SIGN_IDENTITY = "iPhone Developer";
				COPY_PHASE_STRIP = NO;
				DEBUG_INFORMATION_FORMAT = "dwarf-with-dsym";
				ENABLE_NS_ASSERTIONS = NO;
				ENABLE_STRICT_OBJC_MSGSEND = YES;
				GCC_C_LANGUAGE_STANDARD = gnu11;
				GCC_NO_COMMON_BLOCKS = YES;
				GCC_WARN_64_TO_32_BIT_CONVERSION = YES;
				GCC_WARN_ABOUT_RETURN_TYPE = YES_ERROR;
				GCC_WARN_UNDECLARED_SELECTOR = YES;
				GCC_WARN_UNINITIALIZED_AUTOS = YES_AGGRESSIVE;
				GCC_WARN_UNUSED_FUNCTION = YES;
				GCC_WARN_UNUSED_VARIABLE = YES;
				IPHONEOS_DEPLOYMENT_TARGET = 11.2;
				MTL_ENABLE_DEBUG_INFO = NO;
				SDKROOT = iphoneos;
				VALIDATE_PRODUCT = YES;
			};
			name = Release;
		};
		A8C2C8DC212EFCA200941B98 /* Debug */ = {
			isa = XCBuildConfiguration;
			baseConfigurationReference = 41178E788A1D1F0C90EB046D /* Pods-newPro.debug.xcconfig */;
			buildSettings = {
				ASSETCATALOG_COMPILER_APPICON_NAME = AppIcon;
				CODE_SIGN_STYLE = Automatic;
				DEVELOPMENT_TEAM = Q8J528NVQW;
				FRAMEWORK_SEARCH_PATHS = (
					"$(inherited)",
					"$(PROJECT_DIR)/newPro/FrameWork",
				);
				GCC_PREFIX_HEADER = "$(SRCROOT)/newPro/PrefixHeader.pch";
				INFOPLIST_FILE = newPro/Info.plist;
				IPHONEOS_DEPLOYMENT_TARGET = 9.0;
				LD_RUNPATH_SEARCH_PATHS = "$(inherited) @executable_path/Frameworks";
				PRODUCT_BUNDLE_IDENTIFIER = com.haoyang.newPro;
				PRODUCT_NAME = "$(TARGET_NAME)";
				SWIFT_VERSION = 3.0;
				TARGETED_DEVICE_FAMILY = 1;
			};
			name = Debug;
		};
		A8C2C8DD212EFCA200941B98 /* Release */ = {
			isa = XCBuildConfiguration;
			baseConfigurationReference = BBB5DBBF08326FF246B25E31 /* Pods-newPro.release.xcconfig */;
			buildSettings = {
				ASSETCATALOG_COMPILER_APPICON_NAME = AppIcon;
				CODE_SIGN_STYLE = Automatic;
				DEVELOPMENT_TEAM = Q8J528NVQW;
				FRAMEWORK_SEARCH_PATHS = (
					"$(inherited)",
					"$(PROJECT_DIR)/newPro/FrameWork",
				);
				GCC_PREFIX_HEADER = "$(SRCROOT)/newPro/PrefixHeader.pch";
				INFOPLIST_FILE = newPro/Info.plist;
				IPHONEOS_DEPLOYMENT_TARGET = 9.0;
				LD_RUNPATH_SEARCH_PATHS = "$(inherited) @executable_path/Frameworks";
				PRODUCT_BUNDLE_IDENTIFIER = com.haoyang.newPro;
				PRODUCT_NAME = "$(TARGET_NAME)";
				SWIFT_VERSION = 3.0;
				TARGETED_DEVICE_FAMILY = 1;
			};
			name = Release;
		};
		A8C2C8DF212EFCA200941B98 /* Debug */ = {
			isa = XCBuildConfiguration;
			buildSettings = {
				BUNDLE_LOADER = "$(TEST_HOST)";
				CODE_SIGN_STYLE = Automatic;
				DEVELOPMENT_TEAM = Q8J528NVQW;
				INFOPLIST_FILE = newProTests/Info.plist;
				LD_RUNPATH_SEARCH_PATHS = "$(inherited) @executable_path/Frameworks @loader_path/Frameworks";
				PRODUCT_BUNDLE_IDENTIFIER = com.haoyang.newProTests;
				PRODUCT_NAME = "$(TARGET_NAME)";
				TARGETED_DEVICE_FAMILY = "1,2";
				TEST_HOST = "$(BUILT_PRODUCTS_DIR)/newPro.app/newPro";
			};
			name = Debug;
		};
		A8C2C8E0212EFCA200941B98 /* Release */ = {
			isa = XCBuildConfiguration;
			buildSettings = {
				BUNDLE_LOADER = "$(TEST_HOST)";
				CODE_SIGN_STYLE = Automatic;
				DEVELOPMENT_TEAM = Q8J528NVQW;
				INFOPLIST_FILE = newProTests/Info.plist;
				LD_RUNPATH_SEARCH_PATHS = "$(inherited) @executable_path/Frameworks @loader_path/Frameworks";
				PRODUCT_BUNDLE_IDENTIFIER = com.haoyang.newProTests;
				PRODUCT_NAME = "$(TARGET_NAME)";
				TARGETED_DEVICE_FAMILY = "1,2";
				TEST_HOST = "$(BUILT_PRODUCTS_DIR)/newPro.app/newPro";
			};
			name = Release;
		};
		A8C2C8E2212EFCA200941B98 /* Debug */ = {
			isa = XCBuildConfiguration;
			buildSettings = {
				CODE_SIGN_STYLE = Automatic;
				DEVELOPMENT_TEAM = Q8J528NVQW;
				INFOPLIST_FILE = newProUITests/Info.plist;
				LD_RUNPATH_SEARCH_PATHS = "$(inherited) @executable_path/Frameworks @loader_path/Frameworks";
				PRODUCT_BUNDLE_IDENTIFIER = com.haoyang.newProUITests;
				PRODUCT_NAME = "$(TARGET_NAME)";
				TARGETED_DEVICE_FAMILY = "1,2";
				TEST_TARGET_NAME = newPro;
			};
			name = Debug;
		};
		A8C2C8E3212EFCA200941B98 /* Release */ = {
			isa = XCBuildConfiguration;
			buildSettings = {
				CODE_SIGN_STYLE = Automatic;
				DEVELOPMENT_TEAM = Q8J528NVQW;
				INFOPLIST_FILE = newProUITests/Info.plist;
				LD_RUNPATH_SEARCH_PATHS = "$(inherited) @executable_path/Frameworks @loader_path/Frameworks";
				PRODUCT_BUNDLE_IDENTIFIER = com.haoyang.newProUITests;
				PRODUCT_NAME = "$(TARGET_NAME)";
				TARGETED_DEVICE_FAMILY = "1,2";
				TEST_TARGET_NAME = newPro;
			};
			name = Release;
		};
/* End XCBuildConfiguration section */

/* Begin XCConfigurationList section */
		A8C2C8A7212EFCA100941B98 /* Build configuration list for PBXProject "newPro" */ = {
			isa = XCConfigurationList;
			buildConfigurations = (
				A8C2C8D9212EFCA200941B98 /* Debug */,
				A8C2C8DA212EFCA200941B98 /* Release */,
			);
			defaultConfigurationIsVisible = 0;
			defaultConfigurationName = Release;
		};
		A8C2C8DB212EFCA200941B98 /* Build configuration list for PBXNativeTarget "newPro" */ = {
			isa = XCConfigurationList;
			buildConfigurations = (
				A8C2C8DC212EFCA200941B98 /* Debug */,
				A8C2C8DD212EFCA200941B98 /* Release */,
			);
			defaultConfigurationIsVisible = 0;
			defaultConfigurationName = Release;
		};
		A8C2C8DE212EFCA200941B98 /* Build configuration list for PBXNativeTarget "newProTests" */ = {
			isa = XCConfigurationList;
			buildConfigurations = (
				A8C2C8DF212EFCA200941B98 /* Debug */,
				A8C2C8E0212EFCA200941B98 /* Release */,
			);
			defaultConfigurationIsVisible = 0;
			defaultConfigurationName = Release;
		};
		A8C2C8E1212EFCA200941B98 /* Build configuration list for PBXNativeTarget "newProUITests" */ = {
			isa = XCConfigurationList;
			buildConfigurations = (
				A8C2C8E2212EFCA200941B98 /* Debug */,
				A8C2C8E3212EFCA200941B98 /* Release */,
			);
			defaultConfigurationIsVisible = 0;
			defaultConfigurationName = Release;
		};
/* End XCConfigurationList section */

/* Begin XCVersionGroup section */
		A8C2C8B8212EFCA100941B98 /* newPro.xcdatamodeld */ = {
			isa = XCVersionGroup;
			children = (
				A8C2C8B9212EFCA100941B98 /* newPro.xcdatamodel */,
			);
			currentVersion = A8C2C8B9212EFCA100941B98 /* newPro.xcdatamodel */;
			path = newPro.xcdatamodeld;
			sourceTree = "<group>";
			versionGroupType = wrapper.xcdatamodel;
		};
/* End XCVersionGroup section */
	};
	rootObject = A8C2C8A4212EFCA100941B98 /* Project object */;
}
